// !$*UTF8*$!
{
	archiveVersion = 1;
	classes = {
	};
	objectVersion = 55;
	objects = {

/* Begin PBXBuildFile section */
		5C094E3B276C4EE5002F8502 /* Calculations.swift in Sources */ = {isa = PBXBuildFile; fileRef = 5C094E3A276C4EE5002F8502 /* Calculations.swift */; };
		5C094E40276C5D66002F8502 /* RoundedBorderBtn.swift in Sources */ = {isa = PBXBuildFile; fileRef = 5C094E3F276C5D66002F8502 /* RoundedBorderBtn.swift */; };
		5C094E42276C6009002F8502 /* CustomizeDisplayCalculation.swift in Sources */ = {isa = PBXBuildFile; fileRef = 5C094E41276C6009002F8502 /* CustomizeDisplayCalculation.swift */; };
		5C094E44276C6206002F8502 /* CustomizeBgView.swift in Sources */ = {isa = PBXBuildFile; fileRef = 5C094E43276C6206002F8502 /* CustomizeBgView.swift */; };
		5C094E46276C71EE002F8502 /* ZeroBtnSpecialRounding.swift in Sources */ = {isa = PBXBuildFile; fileRef = 5C094E45276C71EE002F8502 /* ZeroBtnSpecialRounding.swift */; };
		5C094E48276C75C1002F8502 /* CustomizeInBetweenView.swift in Sources */ = {isa = PBXBuildFile; fileRef = 5C094E47276C75C1002F8502 /* CustomizeInBetweenView.swift */; };
		5C4F745B2761A71600BD9F26 /* AppDelegate.swift in Sources */ = {isa = PBXBuildFile; fileRef = 5C4F745A2761A71600BD9F26 /* AppDelegate.swift */; };
		5C4F745D2761A71600BD9F26 /* SceneDelegate.swift in Sources */ = {isa = PBXBuildFile; fileRef = 5C4F745C2761A71600BD9F26 /* SceneDelegate.swift */; };
		5C4F745F2761A71600BD9F26 /* CalculatorController.swift in Sources */ = {isa = PBXBuildFile; fileRef = 5C4F745E2761A71600BD9F26 /* CalculatorController.swift */; };
		5C4F74622761A71600BD9F26 /* Main.storyboard in Resources */ = {isa = PBXBuildFile; fileRef = 5C4F74602761A71600BD9F26 /* Main.storyboard */; };
		5C4F74652761A71600BD9F26 /* apple_tutorial_calculator.xcdatamodeld in Sources */ = {isa = PBXBuildFile; fileRef = 5C4F74632761A71600BD9F26 /* apple_tutorial_calculator.xcdatamodeld */; };
		5C4F74672761A71700BD9F26 /* Assets.xcassets in Resources */ = {isa = PBXBuildFile; fileRef = 5C4F74662761A71700BD9F26 /* Assets.xcassets */; };
		5C4F746A2761A71700BD9F26 /* LaunchScreen.storyboard in Resources */ = {isa = PBXBuildFile; fileRef = 5C4F74682761A71700BD9F26 /* LaunchScreen.storyboard */; };
		5C4F74752761A71800BD9F26 /* apple_tutorial_calculatorTests.swift in Sources */ = {isa = PBXBuildFile; fileRef = 5C4F74742761A71800BD9F26 /* apple_tutorial_calculatorTests.swift */; };
		5C4F747F2761A71800BD9F26 /* apple_tutorial_calculatorUITests.swift in Sources */ = {isa = PBXBuildFile; fileRef = 5C4F747E2761A71800BD9F26 /* apple_tutorial_calculatorUITests.swift */; };
		5C4F74812761A71800BD9F26 /* apple_tutorial_calculatorUITestsLaunchTests.swift in Sources */ = {isa = PBXBuildFile; fileRef = 5C4F74802761A71800BD9F26 /* apple_tutorial_calculatorUITestsLaunchTests.swift */; };
/* End PBXBuildFile section */

/* Begin PBXContainerItemProxy section */
		5C4F74712761A71800BD9F26 /* PBXContainerItemProxy */ = {
			isa = PBXContainerItemProxy;
			containerPortal = 5C4F744F2761A71600BD9F26 /* Project object */;
			proxyType = 1;
			remoteGlobalIDString = 5C4F74562761A71600BD9F26;
			remoteInfo = "apple tutorial calculator";
		};
		5C4F747B2761A71800BD9F26 /* PBXContainerItemProxy */ = {
			isa = PBXContainerItemProxy;
			containerPortal = 5C4F744F2761A71600BD9F26 /* Project object */;
			proxyType = 1;
			remoteGlobalIDString = 5C4F74562761A71600BD9F26;
			remoteInfo = "apple tutorial calculator";
		};
/* End PBXContainerItemProxy section */

/* Begin PBXFileReference section */
		5C094E3A276C4EE5002F8502 /* Calculations.swift */ = {isa = PBXFileReference; lastKnownFileType = sourcecode.swift; path = Calculations.swift; sourceTree = "<group>"; };
		5C094E3F276C5D66002F8502 /* RoundedBorderBtn.swift */ = {isa = PBXFileReference; lastKnownFileType = sourcecode.swift; path = RoundedBorderBtn.swift; sourceTree = "<group>"; };
		5C094E41276C6009002F8502 /* CustomizeDisplayCalculation.swift */ = {isa = PBXFileReference; lastKnownFileType = sourcecode.swift; path = CustomizeDisplayCalculation.swift; sourceTree = "<group>"; };
		5C094E43276C6206002F8502 /* CustomizeBgView.swift */ = {isa = PBXFileReference; lastKnownFileType = sourcecode.swift; path = CustomizeBgView.swift; sourceTree = "<group>"; };
		5C094E45276C71EE002F8502 /* ZeroBtnSpecialRounding.swift */ = {isa = PBXFileReference; lastKnownFileType = sourcecode.swift; path = ZeroBtnSpecialRounding.swift; sourceTree = "<group>"; };
		5C094E47276C75C1002F8502 /* CustomizeInBetweenView.swift */ = {isa = PBXFileReference; lastKnownFileType = sourcecode.swift; path = CustomizeInBetweenView.swift; sourceTree = "<group>"; };
		5C4F74572761A71600BD9F26 /* apple tutorial calculator.app */ = {isa = PBXFileReference; explicitFileType = wrapper.application; includeInIndex = 0; path = "apple tutorial calculator.app"; sourceTree = BUILT_PRODUCTS_DIR; };
		5C4F745A2761A71600BD9F26 /* AppDelegate.swift */ = {isa = PBXFileReference; lastKnownFileType = sourcecode.swift; path = AppDelegate.swift; sourceTree = "<group>"; };
		5C4F745C2761A71600BD9F26 /* SceneDelegate.swift */ = {isa = PBXFileReference; lastKnownFileType = sourcecode.swift; path = SceneDelegate.swift; sourceTree = "<group>"; };
		5C4F745E2761A71600BD9F26 /* CalculatorController.swift */ = {isa = PBXFileReference; lastKnownFileType = sourcecode.swift; path = CalculatorController.swift; sourceTree = "<group>"; };
		5C4F74612761A71600BD9F26 /* Base */ = {isa = PBXFileReference; lastKnownFileType = file.storyboard; name = Base; path = Base.lproj/Main.storyboard; sourceTree = "<group>"; };
		5C4F74642761A71600BD9F26 /* apple_tutorial_calculator.xcdatamodel */ = {isa = PBXFileReference; lastKnownFileType = wrapper.xcdatamodel; path = apple_tutorial_calculator.xcdatamodel; sourceTree = "<group>"; };
		5C4F74662761A71700BD9F26 /* Assets.xcassets */ = {isa = PBXFileReference; lastKnownFileType = folder.assetcatalog; path = Assets.xcassets; sourceTree = "<group>"; };
		5C4F74692761A71700BD9F26 /* Base */ = {isa = PBXFileReference; lastKnownFileType = file.storyboard; name = Base; path = Base.lproj/LaunchScreen.storyboard; sourceTree = "<group>"; };
		5C4F746B2761A71700BD9F26 /* Info.plist */ = {isa = PBXFileReference; lastKnownFileType = text.plist.xml; path = Info.plist; sourceTree = "<group>"; };
		5C4F74702761A71800BD9F26 /* apple tutorial calculatorTests.xctest */ = {isa = PBXFileReference; explicitFileType = wrapper.cfbundle; includeInIndex = 0; path = "apple tutorial calculatorTests.xctest"; sourceTree = BUILT_PRODUCTS_DIR; };
		5C4F74742761A71800BD9F26 /* apple_tutorial_calculatorTests.swift */ = {isa = PBXFileReference; lastKnownFileType = sourcecode.swift; path = apple_tutorial_calculatorTests.swift; sourceTree = "<group>"; };
		5C4F747A2761A71800BD9F26 /* apple tutorial calculatorUITests.xctest */ = {isa = PBXFileReference; explicitFileType = wrapper.cfbundle; includeInIndex = 0; path = "apple tutorial calculatorUITests.xctest"; sourceTree = BUILT_PRODUCTS_DIR; };
		5C4F747E2761A71800BD9F26 /* apple_tutorial_calculatorUITests.swift */ = {isa = PBXFileReference; lastKnownFileType = sourcecode.swift; path = apple_tutorial_calculatorUITests.swift; sourceTree = "<group>"; };
		5C4F74802761A71800BD9F26 /* apple_tutorial_calculatorUITestsLaunchTests.swift */ = {isa = PBXFileReference; lastKnownFileType = sourcecode.swift; path = apple_tutorial_calculatorUITestsLaunchTests.swift; sourceTree = "<group>"; };
/* End PBXFileReference section */

/* Begin PBXFrameworksBuildPhase section */
		5C4F74542761A71600BD9F26 /* Frameworks */ = {
			isa = PBXFrameworksBuildPhase;
			buildActionMask = 2147483647;
			files = (
			);
			runOnlyForDeploymentPostprocessing = 0;
		};
		5C4F746D2761A71800BD9F26 /* Frameworks */ = {
			isa = PBXFrameworksBuildPhase;
			buildActionMask = 2147483647;
			files = (
			);
			runOnlyForDeploymentPostprocessing = 0;
		};
		5C4F74772761A71800BD9F26 /* Frameworks */ = {
			isa = PBXFrameworksBuildPhase;
			buildActionMask = 2147483647;
			files = (
			);
			runOnlyForDeploymentPostprocessing = 0;
		};
/* End PBXFrameworksBuildPhase section */

/* Begin PBXGroup section */
		5C094E38276C4E7A002F8502 /* Views */ = {
			isa = PBXGroup;
			children = (
				5C094E3F276C5D66002F8502 /* RoundedBorderBtn.swift */,
				5C094E41276C6009002F8502 /* CustomizeDisplayCalculation.swift */,
				5C094E43276C6206002F8502 /* CustomizeBgView.swift */,
				5C094E45276C71EE002F8502 /* ZeroBtnSpecialRounding.swift */,
				5C094E47276C75C1002F8502 /* CustomizeInBetweenView.swift */,
			);
			path = Views;
			sourceTree = "<group>";
		};
		5C094E39276C4E98002F8502 /* Model */ = {
			isa = PBXGroup;
			children = (
				5C094E3A276C4EE5002F8502 /* Calculations.swift */,
			);
			path = Model;
			sourceTree = "<group>";
		};
		5C094E3E276C585F002F8502 /* Controller */ = {
			isa = PBXGroup;
			children = (
				5C4F745E2761A71600BD9F26 /* CalculatorController.swift */,
			);
			path = Controller;
			sourceTree = "<group>";
		};
		5C4F744E2761A71600BD9F26 = {
			isa = PBXGroup;
			children = (
				5C4F74592761A71600BD9F26 /* apple tutorial calculator */,
				5C4F74732761A71800BD9F26 /* apple tutorial calculatorTests */,
				5C4F747D2761A71800BD9F26 /* apple tutorial calculatorUITests */,
				5C4F74582761A71600BD9F26 /* Products */,
			);
			sourceTree = "<group>";
		};
		5C4F74582761A71600BD9F26 /* Products */ = {
			isa = PBXGroup;
			children = (
				5C4F74572761A71600BD9F26 /* apple tutorial calculator.app */,
				5C4F74702761A71800BD9F26 /* apple tutorial calculatorTests.xctest */,
				5C4F747A2761A71800BD9F26 /* apple tutorial calculatorUITests.xctest */,
			);
			name = Products;
			sourceTree = "<group>";
		};
		5C4F74592761A71600BD9F26 /* apple tutorial calculator */ = {
			isa = PBXGroup;
			children = (
				5C094E3E276C585F002F8502 /* Controller */,
				5C094E39276C4E98002F8502 /* Model */,
				5C094E38276C4E7A002F8502 /* Views */,
				5C4F745A2761A71600BD9F26 /* AppDelegate.swift */,
				5C4F745C2761A71600BD9F26 /* SceneDelegate.swift */,
				5C4F74602761A71600BD9F26 /* Main.storyboard */,
				5C4F74662761A71700BD9F26 /* Assets.xcassets */,
				5C4F74682761A71700BD9F26 /* LaunchScreen.storyboard */,
				5C4F746B2761A71700BD9F26 /* Info.plist */,
				5C4F74632761A71600BD9F26 /* apple_tutorial_calculator.xcdatamodeld */,
			);
			path = "apple tutorial calculator";
			sourceTree = "<group>";
		};
		5C4F74732761A71800BD9F26 /* apple tutorial calculatorTests */ = {
			isa = PBXGroup;
			children = (
				5C4F74742761A71800BD9F26 /* apple_tutorial_calculatorTests.swift */,
			);
			path = "apple tutorial calculatorTests";
			sourceTree = "<group>";
		};
		5C4F747D2761A71800BD9F26 /* apple tutorial calculatorUITests */ = {
			isa = PBXGroup;
			children = (
				5C4F747E2761A71800BD9F26 /* apple_tutorial_calculatorUITests.swift */,
				5C4F74802761A71800BD9F26 /* apple_tutorial_calculatorUITestsLaunchTests.swift */,
			);
			path = "apple tutorial calculatorUITests";
			sourceTree = "<group>";
		};
/* End PBXGroup section */

/* Begin PBXNativeTarget section */
		5C4F74562761A71600BD9F26 /* apple tutorial calculator */ = {
			isa = PBXNativeTarget;
			buildConfigurationList = 5C4F74842761A71800BD9F26 /* Build configuration list for PBXNativeTarget "apple tutorial calculator" */;
			buildPhases = (
				5C4F74532761A71600BD9F26 /* Sources */,
				5C4F74542761A71600BD9F26 /* Frameworks */,
				5C4F74552761A71600BD9F26 /* Resources */,
			);
			buildRules = (
			);
			dependencies = (
			);
			name = "apple tutorial calculator";
			productName = "apple tutorial calculator";
			productReference = 5C4F74572761A71600BD9F26 /* apple tutorial calculator.app */;
			productType = "com.apple.product-type.application";
		};
		5C4F746F2761A71800BD9F26 /* apple tutorial calculatorTests */ = {
			isa = PBXNativeTarget;
			buildConfigurationList = 5C4F74872761A71800BD9F26 /* Build configuration list for PBXNativeTarget "apple tutorial calculatorTests" */;
			buildPhases = (
				5C4F746C2761A71800BD9F26 /* Sources */,
				5C4F746D2761A71800BD9F26 /* Frameworks */,
				5C4F746E2761A71800BD9F26 /* Resources */,
			);
			buildRules = (
			);
			dependencies = (
				5C4F74722761A71800BD9F26 /* PBXTargetDependency */,
			);
			name = "apple tutorial calculatorTests";
			productName = "apple tutorial calculatorTests";
			productReference = 5C4F74702761A71800BD9F26 /* apple tutorial calculatorTests.xctest */;
			productType = "com.apple.product-type.bundle.unit-test";
		};
		5C4F74792761A71800BD9F26 /* apple tutorial calculatorUITests */ = {
			isa = PBXNativeTarget;
			buildConfigurationList = 5C4F748A2761A71800BD9F26 /* Build configuration list for PBXNativeTarget "apple tutorial calculatorUITests" */;
			buildPhases = (
				5C4F74762761A71800BD9F26 /* Sources */,
				5C4F74772761A71800BD9F26 /* Frameworks */,
				5C4F74782761A71800BD9F26 /* Resources */,
			);
			buildRules = (
			);
			dependencies = (
				5C4F747C2761A71800BD9F26 /* PBXTargetDependency */,
			);
			name = "apple tutorial calculatorUITests";
			productName = "apple tutorial calculatorUITests";
			productReference = 5C4F747A2761A71800BD9F26 /* apple tutorial calculatorUITests.xctest */;
			productType = "com.apple.product-type.bundle.ui-testing";
		};
/* End PBXNativeTarget section */

/* Begin PBXProject section */
		5C4F744F2761A71600BD9F26 /* Project object */ = {
			isa = PBXProject;
			attributes = {
				BuildIndependentTargetsInParallel = 1;
				LastSwiftUpdateCheck = 1310;
				LastUpgradeCheck = 1310;
				TargetAttributes = {
					5C4F74562761A71600BD9F26 = {
						CreatedOnToolsVersion = 13.1;
					};
					5C4F746F2761A71800BD9F26 = {
						CreatedOnToolsVersion = 13.1;
						TestTargetID = 5C4F74562761A71600BD9F26;
					};
					5C4F74792761A71800BD9F26 = {
						CreatedOnToolsVersion = 13.1;
						TestTargetID = 5C4F74562761A71600BD9F26;
					};
				};
			};
			buildConfigurationList = 5C4F74522761A71600BD9F26 /* Build configuration list for PBXProject "apple tutorial calculator" */;
			compatibilityVersion = "Xcode 13.0";
			developmentRegion = en;
			hasScannedForEncodings = 0;
			knownRegions = (
				en,
				Base,
			);
			mainGroup = 5C4F744E2761A71600BD9F26;
			productRefGroup = 5C4F74582761A71600BD9F26 /* Products */;
			projectDirPath = "";
			projectRoot = "";
			targets = (
				5C4F74562761A71600BD9F26 /* apple tutorial calculator */,
				5C4F746F2761A71800BD9F26 /* apple tutorial calculatorTests */,
				5C4F74792761A71800BD9F26 /* apple tutorial calculatorUITests */,
			);
		};
/* End PBXProject section */

/* Begin PBXResourcesBuildPhase section */
		5C4F74552761A71600BD9F26 /* Resources */ = {
			isa = PBXResourcesBuildPhase;
			buildActionMask = 2147483647;
			files = (
				5C4F746A2761A71700BD9F26 /* LaunchScreen.storyboard in Resources */,
				5C4F74672761A71700BD9F26 /* Assets.xcassets in Resources */,
				5C4F74622761A71600BD9F26 /* Main.storyboard in Resources */,
			);
			runOnlyForDeploymentPostprocessing = 0;
		};
		5C4F746E2761A71800BD9F26 /* Resources */ = {
			isa = PBXResourcesBuildPhase;
			buildActionMask = 2147483647;
			files = (
			);
			runOnlyForDeploymentPostprocessing = 0;
		};
		5C4F74782761A71800BD9F26 /* Resources */ = {
			isa = PBXResourcesBuildPhase;
			buildActionMask = 2147483647;
			files = (
			);
			runOnlyForDeploymentPostprocessing = 0;
		};
/* End PBXResourcesBuildPhase section */

/* Begin PBXSourcesBuildPhase section */
		5C4F74532761A71600BD9F26 /* Sources */ = {
			isa = PBXSourcesBuildPhase;
			buildActionMask = 2147483647;
			files = (
				5C094E48276C75C1002F8502 /* CustomizeInBetweenView.swift in Sources */,
				5C4F74652761A71600BD9F26 /* apple_tutorial_calculator.xcdatamodeld in Sources */,
				5C094E42276C6009002F8502 /* CustomizeDisplayCalculation.swift in Sources */,
				5C4F745F2761A71600BD9F26 /* CalculatorController.swift in Sources */,
				5C4F745B2761A71600BD9F26 /* AppDelegate.swift in Sources */,
				5C094E3B276C4EE5002F8502 /* Calculations.swift in Sources */,
				5C094E46276C71EE002F8502 /* ZeroBtnSpecialRounding.swift in Sources */,
				5C094E40276C5D66002F8502 /* RoundedBorderBtn.swift in Sources */,
				5C4F745D2761A71600BD9F26 /* SceneDelegate.swift in Sources */,
				5C094E44276C6206002F8502 /* CustomizeBgView.swift in Sources */,
			);
			runOnlyForDeploymentPostprocessing = 0;
		};
		5C4F746C2761A71800BD9F26 /* Sources */ = {
			isa = PBXSourcesBuildPhase;
			buildActionMask = 2147483647;
			files = (
				5C4F74752761A71800BD9F26 /* apple_tutorial_calculatorTests.swift in Sources */,
			);
			runOnlyForDeploymentPostprocessing = 0;
		};
		5C4F74762761A71800BD9F26 /* Sources */ = {
			isa = PBXSourcesBuildPhase;
			buildActionMask = 2147483647;
			files = (
				5C4F747F2761A71800BD9F26 /* apple_tutorial_calculatorUITests.swift in Sources */,
				5C4F74812761A71800BD9F26 /* apple_tutorial_calculatorUITestsLaunchTests.swift in Sources */,
			);
			runOnlyForDeploymentPostprocessing = 0;
		};
/* End PBXSourcesBuildPhase section */

/* Begin PBXTargetDependency section */
		5C4F74722761A71800BD9F26 /* PBXTargetDependency */ = {
			isa = PBXTargetDependency;
			target = 5C4F74562761A71600BD9F26 /* apple tutorial calculator */;
			targetProxy = 5C4F74712761A71800BD9F26 /* PBXContainerItemProxy */;
		};
		5C4F747C2761A71800BD9F26 /* PBXTargetDependency */ = {
			isa = PBXTargetDependency;
			target = 5C4F74562761A71600BD9F26 /* apple tutorial calculator */;
			targetProxy = 5C4F747B2761A71800BD9F26 /* PBXContainerItemProxy */;
		};
/* End PBXTargetDependency section */

/* Begin PBXVariantGroup section */
		5C4F74602761A71600BD9F26 /* Main.storyboard */ = {
			isa = PBXVariantGroup;
			children = (
				5C4F74612761A71600BD9F26 /* Base */,
			);
			name = Main.storyboard;
			sourceTree = "<group>";
		};
		5C4F74682761A71700BD9F26 /* LaunchScreen.storyboard */ = {
			isa = PBXVariantGroup;
			children = (
				5C4F74692761A71700BD9F26 /* Base */,
			);
			name = LaunchScreen.storyboard;
			sourceTree = "<group>";
		};
/* End PBXVariantGroup section */

/* Begin XCBuildConfiguration section */
		5C4F74822761A71800BD9F26 /* Debug */ = {
			isa = XCBuildConfiguration;
			buildSettings = {
				ALWAYS_SEARCH_USER_PATHS = NO;
				CLANG_ANALYZER_NONNULL = YES;
				CLANG_ANALYZER_NUMBER_OBJECT_CONVERSION = YES_AGGRESSIVE;
				CLANG_CXX_LANGUAGE_STANDARD = "gnu++17";
				CLANG_CXX_LIBRARY = "libc++";
				CLANG_ENABLE_MODULES = YES;
				CLANG_ENABLE_OBJC_ARC = YES;
				CLANG_ENABLE_OBJC_WEAK = YES;
				CLANG_WARN_BLOCK_CAPTURE_AUTORELEASING = YES;
				CLANG_WARN_BOOL_CONVERSION = YES;
				CLANG_WARN_COMMA = YES;
				CLANG_WARN_CONSTANT_CONVERSION = YES;
				CLANG_WARN_DEPRECATED_OBJC_IMPLEMENTATIONS = YES;
				CLANG_WARN_DIRECT_OBJC_ISA_USAGE = YES_ERROR;
				CLANG_WARN_DOCUMENTATION_COMMENTS = YES;
				CLANG_WARN_EMPTY_BODY = YES;
				CLANG_WARN_ENUM_CONVERSION = YES;
				CLANG_WARN_INFINITE_RECURSION = YES;
				CLANG_WARN_INT_CONVERSION = YES;
				CLANG_WARN_NON_LITERAL_NULL_CONVERSION = YES;
				CLANG_WARN_OBJC_IMPLICIT_RETAIN_SELF = YES;
				CLANG_WARN_OBJC_LITERAL_CONVERSION = YES;
				CLANG_WARN_OBJC_ROOT_CLASS = YES_ERROR;
				CLANG_WARN_QUOTED_INCLUDE_IN_FRAMEWORK_HEADER = YES;
				CLANG_WARN_RANGE_LOOP_ANALYSIS = YES;
				CLANG_WARN_STRICT_PROTOTYPES = YES;
				CLANG_WARN_SUSPICIOUS_MOVE = YES;
				CLANG_WARN_UNGUARDED_AVAILABILITY = YES_AGGRESSIVE;
				CLANG_WARN_UNREACHABLE_CODE = YES;
				CLANG_WARN__DUPLICATE_METHOD_MATCH = YES;
				COPY_PHASE_STRIP = NO;
				DEBUG_INFORMATION_FORMAT = dwarf;
				ENABLE_STRICT_OBJC_MSGSEND = YES;
				ENABLE_TESTABILITY = YES;
				GCC_C_LANGUAGE_STANDARD = gnu11;
				GCC_DYNAMIC_NO_PIC = NO;
				GCC_NO_COMMON_BLOCKS = YES;
				GCC_OPTIMIZATION_LEVEL = 0;
				GCC_PREPROCESSOR_DEFINITIONS = (
					"DEBUG=1",
					"$(inherited)",
				);
				GCC_WARN_64_TO_32_BIT_CONVERSION = YES;
				GCC_WARN_ABOUT_RETURN_TYPE = YES_ERROR;
				GCC_WARN_UNDECLARED_SELECTOR = YES;
				GCC_WARN_UNINITIALIZED_AUTOS = YES_AGGRESSIVE;
				GCC_WARN_UNUSED_FUNCTION = YES;
				GCC_WARN_UNUSED_VARIABLE = YES;
				IPHONEOS_DEPLOYMENT_TARGET = 15.0;
				MTL_ENABLE_DEBUG_INFO = INCLUDE_SOURCE;
				MTL_FAST_MATH = YES;
				ONLY_ACTIVE_ARCH = YES;
				SDKROOT = iphoneos;
				SWIFT_ACTIVE_COMPILATION_CONDITIONS = DEBUG;
				SWIFT_OPTIMIZATION_LEVEL = "-Onone";
			};
			name = Debug;
		};
		5C4F74832761A71800BD9F26 /* Release */ = {
			isa = XCBuildConfiguration;
			buildSettings = {
				ALWAYS_SEARCH_USER_PATHS = NO;
				CLANG_ANALYZER_NONNULL = YES;
				CLANG_ANALYZER_NUMBER_OBJECT_CONVERSION = YES_AGGRESSIVE;
				CLANG_CXX_LANGUAGE_STANDARD = "gnu++17";
				CLANG_CXX_LIBRARY = "libc++";
				CLANG_ENABLE_MODULES = YES;
				CLANG_ENABLE_OBJC_ARC = YES;
				CLANG_ENABLE_OBJC_WEAK = YES;
				CLANG_WARN_BLOCK_CAPTURE_AUTORELEASING = YES;
				CLANG_WARN_BOOL_CONVERSION = YES;
				CLANG_WARN_COMMA = YES;
				CLANG_WARN_CONSTANT_CONVERSION = YES;
				CLANG_WARN_DEPRECATED_OBJC_IMPLEMENTATIONS = YES;
				CLANG_WARN_DIRECT_OBJC_ISA_USAGE = YES_ERROR;
				CLANG_WARN_DOCUMENTATION_COMMENTS = YES;
				CLANG_WARN_EMPTY_BODY = YES;
				CLANG_WARN_ENUM_CONVERSION = YES;
				CLANG_WARN_INFINITE_RECURSION = YES;
				CLANG_WARN_INT_CONVERSION = YES;
				CLANG_WARN_NON_LITERAL_NULL_CONVERSION = YES;
				CLANG_WARN_OBJC_IMPLICIT_RETAIN_SELF = YES;
				CLANG_WARN_OBJC_LITERAL_CONVERSION = YES;
				CLANG_WARN_OBJC_ROOT_CLASS = YES_ERROR;
				CLANG_WARN_QUOTED_INCLUDE_IN_FRAMEWORK_HEADER = YES;
				CLANG_WARN_RANGE_LOOP_ANALYSIS = YES;
				CLANG_WARN_STRICT_PROTOTYPES = YES;
				CLANG_WARN_SUSPICIOUS_MOVE = YES;
				CLANG_WARN_UNGUARDED_AVAILABILITY = YES_AGGRESSIVE;
				CLANG_WARN_UNREACHABLE_CODE = YES;
				CLANG_WARN__DUPLICATE_METHOD_MATCH = YES;
				COPY_PHASE_STRIP = NO;
				DEBUG_INFORMATION_FORMAT = "dwarf-with-dsym";
				ENABLE_NS_ASSERTIONS = NO;
				ENABLE_STRICT_OBJC_MSGSEND = YES;
				GCC_C_LANGUAGE_STANDARD = gnu11;
				GCC_NO_COMMON_BLOCKS = YES;
				GCC_WARN_64_TO_32_BIT_CONVERSION = YES;
				GCC_WARN_ABOUT_RETURN_TYPE = YES_ERROR;
				GCC_WARN_UNDECLARED_SELECTOR = YES;
				GCC_WARN_UNINITIALIZED_AUTOS = YES_AGGRESSIVE;
				GCC_WARN_UNUSED_FUNCTION = YES;
				GCC_WARN_UNUSED_VARIABLE = YES;
				IPHONEOS_DEPLOYMENT_TARGET = 15.0;
				MTL_ENABLE_DEBUG_INFO = NO;
				MTL_FAST_MATH = YES;
				SDKROOT = iphoneos;
				SWIFT_COMPILATION_MODE = wholemodule;
				SWIFT_OPTIMIZATION_LEVEL = "-O";
				VALIDATE_PRODUCT = YES;
			};
			name = Release;
		};
		5C4F74852761A71800BD9F26 /* Debug */ = {
			isa = XCBuildConfiguration;
			buildSettings = {
				ASSETCATALOG_COMPILER_APPICON_NAME = AppIcon;
				ASSETCATALOG_COMPILER_GLOBAL_ACCENT_COLOR_NAME = AccentColor;
				CODE_SIGN_STYLE = Automatic;
				CURRENT_PROJECT_VERSION = 1;
				DEVELOPMENT_TEAM = 46LWY7FUYJ;
				GENERATE_INFOPLIST_FILE = YES;
				INFOPLIST_FILE = "apple tutorial calculator/Info.plist";
				INFOPLIST_KEY_CFBundleDisplayName = FreshCalculator;
				INFOPLIST_KEY_UIApplicationSupportsIndirectInputEvents = YES;
				INFOPLIST_KEY_UILaunchStoryboardName = LaunchScreen;
				INFOPLIST_KEY_UIMainStoryboardFile = Main;
				INFOPLIST_KEY_UISupportedInterfaceOrientations_iPad = "UIInterfaceOrientationPortrait UIInterfaceOrientationPortraitUpsideDown UIInterfaceOrientationLandscapeLeft UIInterfaceOrientationLandscapeRight";
				INFOPLIST_KEY_UISupportedInterfaceOrientations_iPhone = "UIInterfaceOrientationPortrait UIInterfaceOrientationLandscapeLeft UIInterfaceOrientationLandscapeRight";
				LD_RUNPATH_SEARCH_PATHS = (
					"$(inherited)",
					"@executable_path/Frameworks",
				);
				MARKETING_VERSION = 1.0;
				PRODUCT_BUNDLE_IDENTIFIER = FreshCalculator;
				PRODUCT_NAME = "$(TARGET_NAME)";
				SWIFT_EMIT_LOC_STRINGS = YES;
				SWIFT_VERSION = 5.0;
				TARGETED_DEVICE_FAMILY = "1,2";
			};
			name = Debug;
		};
		5C4F74862761A71800BD9F26 /* Release */ = {
			isa = XCBuildConfiguration;
			buildSettings = {
				ASSETCATALOG_COMPILER_APPICON_NAME = AppIcon;
				ASSETCATALOG_COMPILER_GLOBAL_ACCENT_COLOR_NAME = AccentColor;
				CODE_SIGN_STYLE = Automatic;
				CURRENT_PROJECT_VERSION = 1;
				DEVELOPMENT_TEAM = 46LWY7FUYJ;
				GENERATE_INFOPLIST_FILE = YES;
				INFOPLIST_FILE = "apple tutorial calculator/Info.plist";
				INFOPLIST_KEY_CFBundleDisplayName = FreshCalculator;
				INFOPLIST_KEY_UIApplicationSupportsIndirectInputEvents = YES;
				INFOPLIST_KEY_UILaunchStoryboardName = LaunchScreen;
				INFOPLIST_KEY_UIMainStoryboardFile = Main;
				INFOPLIST_KEY_UISupportedInterfaceOrientations_iPad = "UIInterfaceOrientationPortrait UIInterfaceOrientationPortraitUpsideDown UIInterfaceOrientationLandscapeLeft UIInterfaceOrientationLandscapeRight";
				INFOPLIST_KEY_UISupportedInterfaceOrientations_iPhone = "UIInterfaceOrientationPortrait UIInterfaceOrientationLandscapeLeft UIInterfaceOrientationLandscapeRight";
				LD_RUNPATH_SEARCH_PATHS = (
					"$(inherited)",
					"@executable_path/Frameworks",
				);
				MARKETING_VERSION = 1.0;
				PRODUCT_BUNDLE_IDENTIFIER = FreshCalculator;
				PRODUCT_NAME = "$(TARGET_NAME)";
				SWIFT_EMIT_LOC_STRINGS = YES;
				SWIFT_VERSION = 5.0;
				TARGETED_DEVICE_FAMILY = "1,2";
			};
			name = Release;
		};
		5C4F74882761A71800BD9F26 /* Debug */ = {
			isa = XCBuildConfiguration;
			buildSettings = {
				ALWAYS_EMBED_SWIFT_STANDARD_LIBRARIES = YES;
				BUNDLE_LOADER = "$(TEST_HOST)";
				CODE_SIGN_STYLE = Automatic;
				CURRENT_PROJECT_VERSION = 1;
				DEVELOPMENT_TEAM = 46LWY7FUYJ;
				GENERATE_INFOPLIST_FILE = YES;
				IPHONEOS_DEPLOYMENT_TARGET = 15.0;
				LD_RUNPATH_SEARCH_PATHS = (
					"$(inherited)",
					"@executable_path/Frameworks",
					"@loader_path/Frameworks",
				);
				MARKETING_VERSION = 1.0;
				PRODUCT_BUNDLE_IDENTIFIER = "NA.apple-tutorial-calculatorTests";
				PRODUCT_NAME = "$(TARGET_NAME)";
				SWIFT_EMIT_LOC_STRINGS = NO;
				SWIFT_VERSION = 5.0;
				TARGETED_DEVICE_FAMILY = "1,2";
				TEST_HOST = "$(BUILT_PRODUCTS_DIR)/apple tutorial calculator.app/apple tutorial calculator";
			};
			name = Debug;
		};
		5C4F74892761A71800BD9F26 /* Release */ = {
			isa = XCBuildConfiguration;
			buildSettings = {
				ALWAYS_EMBED_SWIFT_STANDARD_LIBRARIES = YES;
				BUNDLE_LOADER = "$(TEST_HOST)";
				CODE_SIGN_STYLE = Automatic;
				CURRENT_PROJECT_VERSION = 1;
				DEVELOPMENT_TEAM = 46LWY7FUYJ;
				GENERATE_INFOPLIST_FILE = YES;
				IPHONEOS_DEPLOYMENT_TARGET = 15.0;
				LD_RUNPATH_SEARCH_PATHS = (
					"$(inherited)",
					"@executable_path/Frameworks",
					"@loader_path/Frameworks",
				);
				MARKETING_VERSION = 1.0;
				PRODUCT_BUNDLE_IDENTIFIER = "NA.apple-tutorial-calculatorTests";
				PRODUCT_NAME = "$(TARGET_NAME)";
				SWIFT_EMIT_LOC_STRINGS = NO;
				SWIFT_VERSION = 5.0;
				TARGETED_DEVICE_FAMILY = "1,2";
				TEST_HOST = "$(BUILT_PRODUCTS_DIR)/apple tutorial calculator.app/apple tutorial calculator";
			};
			name = Release;
		};
		5C4F748B2761A71800BD9F26 /* Debug */ = {
			isa = XCBuildConfiguration;
			buildSettings = {
				ALWAYS_EMBED_SWIFT_STANDARD_LIBRARIES = YES;
				CODE_SIGN_STYLE = Automatic;
				CURRENT_PROJECT_VERSION = 1;
				DEVELOPMENT_TEAM = 46LWY7FUYJ;
				GENERATE_INFOPLIST_FILE = YES;
				LD_RUNPATH_SEARCH_PATHS = (
					"$(inherited)",
					"@executable_path/Frameworks",
					"@loader_path/Frameworks",
				);
				MARKETING_VERSION = 1.0;
				PRODUCT_BUNDLE_IDENTIFIER = "NA.apple-tutorial-calculatorUITests";
				PRODUCT_NAME = "$(TARGET_NAME)";
				SWIFT_EMIT_LOC_STRINGS = NO;
				SWIFT_VERSION = 5.0;
				TARGETED_DEVICE_FAMILY = "1,2";
				TEST_TARGET_NAME = "apple tutorial calculator";
			};
			name = Debug;
		};
		5C4F748C2761A71800BD9F26 /* Release */ = {
			isa = XCBuildConfiguration;
			buildSettings = {
				ALWAYS_EMBED_SWIFT_STANDARD_LIBRARIES = YES;
				CODE_SIGN_STYLE = Automatic;
				CURRENT_PROJECT_VERSION = 1;
				DEVELOPMENT_TEAM = 46LWY7FUYJ;
				GENERATE_INFOPLIST_FILE = YES;
				LD_RUNPATH_SEARCH_PATHS = (
					"$(inherited)",
					"@executable_path/Frameworks",
					"@loader_path/Frameworks",
				);
				MARKETING_VERSION = 1.0;
				PRODUCT_BUNDLE_IDENTIFIER = "NA.apple-tutorial-calculatorUITests";
				PRODUCT_NAME = "$(TARGET_NAME)";
				SWIFT_EMIT_LOC_STRINGS = NO;
				SWIFT_VERSION = 5.0;
				TARGETED_DEVICE_FAMILY = "1,2";
				TEST_TARGET_NAME = "apple tutorial calculator";
			};
			name = Release;
		};
/* End XCBuildConfiguration section */

/* Begin XCConfigurationList section */
		5C4F74522761A71600BD9F26 /* Build configuration list for PBXProject "apple tutorial calculator" */ = {
			isa = XCConfigurationList;
			buildConfigurations = (
				5C4F74822761A71800BD9F26 /* Debug */,
				5C4F74832761A71800BD9F26 /* Release */,
			);
			defaultConfigurationIsVisible = 0;
			defaultConfigurationName = Release;
		};
		5C4F74842761A71800BD9F26 /* Build configuration list for PBXNativeTarget "apple tutorial calculator" */ = {
			isa = XCConfigurationList;
			buildConfigurations = (
				5C4F74852761A71800BD9F26 /* Debug */,
				5C4F74862761A71800BD9F26 /* Release */,
			);
			defaultConfigurationIsVisible = 0;
			defaultConfigurationName = Release;
		};
		5C4F74872761A71800BD9F26 /* Build configuration list for PBXNativeTarget "apple tutorial calculatorTests" */ = {
			isa = XCConfigurationList;
			buildConfigurations = (
				5C4F74882761A71800BD9F26 /* Debug */,
				5C4F74892761A71800BD9F26 /* Release */,
			);
			defaultConfigurationIsVisible = 0;
			defaultConfigurationName = Release;
		};
		5C4F748A2761A71800BD9F26 /* Build configuration list for PBXNativeTarget "apple tutorial calculatorUITests" */ = {
			isa = XCConfigurationList;
			buildConfigurations = (
				5C4F748B2761A71800BD9F26 /* Debug */,
				5C4F748C2761A71800BD9F26 /* Release */,
			);
			defaultConfigurationIsVisible = 0;
			defaultConfigurationName = Release;
		};
/* End XCConfigurationList section */

/* Begin XCVersionGroup section */
		5C4F74632761A71600BD9F26 /* apple_tutorial_calculator.xcdatamodeld */ = {
			isa = XCVersionGroup;
			children = (
				5C4F74642761A71600BD9F26 /* apple_tutorial_calculator.xcdatamodel */,
			);
			currentVersion = 5C4F74642761A71600BD9F26 /* apple_tutorial_calculator.xcdatamodel */;
			path = apple_tutorial_calculator.xcdatamodeld;
			sourceTree = "<group>";
			versionGroupType = wrapper.xcdatamodel;
		};
/* End XCVersionGroup section */
	};
	rootObject = 5C4F744F2761A71600BD9F26 /* Project object */;
}
